
Microsoft Visual Studio Solution File, Format Version 12.00
# Visual Studio Version 16
VisualStudioVersion = 16.0.29806.167
MinimumVisualStudioVersion = 10.0.40219.1
Project("{FAE04EC0-301F-11D3-BF4B-00C04F79EFBC}") = "CustomBinaryTree", "CustomBinaryTree\CustomBinaryTree.csproj", "{0052CCF9-9E8C-42CA-B8AC-7B6E43D1CA83}"
EndProject
Global
	GlobalSection(SolutionConfigurationPlatforms) = preSolution
		Debug|Any CPU = Debug|Any CPU
		Release|Any CPU = Release|Any CPU
	EndGlobalSection
	GlobalSection(ProjectConfigurationPlatforms) = postSolution
		{0052CCF9-9E8C-42CA-B8AC-7B6E43D1CA83}.Debug|Any CPU.ActiveCfg = Debug|Any CPU
		{0052CCF9-9E8C-42CA-B8AC-7B6E43D1CA83}.Debug|Any CPU.Build.0 = Debug|Any CPU
		{0052CCF9-9E8C-42CA-B8AC-7B6E43D1CA83}.Release|Any CPU.ActiveCfg = Release|Any CPU
		{0052CCF9-9E8C-42CA-B8AC-7B6E43D1CA83}.Release|Any CPU.Build.0 = Release|Any CPU
	EndGlobalSection
	GlobalSection(SolutionProperties) = preSolution
		HideSolutionNode = FALSE
	EndGlobalSection
	GlobalSection(ExtensibilityGlobals) = postSolution
		SolutionGuid = {6D67A5B3-821A-4813-AF71-8BCB38408F7D}
	EndGlobalSection
EndGlobal
